
Microsoft Visual Studio Solution File, Format Version 12.00
# Visual Studio Version 17
VisualStudioVersion = 17.11.35312.102
MinimumVisualStudioVersion = 10.0.40219.1
Project("{FAE04EC0-301F-11D3-BF4B-00C04F79EFBC}") = "KASDLab20", "KASDLab20.csproj", "{08B675FD-88B6-4A30-A02E-6B1A5E9BE7CA}"
EndProject
Global
	GlobalSection(SolutionConfigurationPlatforms) = preSolution
		Debug|Any CPU = Debug|Any CPU
		Release|Any CPU = Release|Any CPU
	EndGlobalSection
	GlobalSection(ProjectConfigurationPlatforms) = postSolution
		{08B675FD-88B6-4A30-A02E-6B1A5E9BE7CA}.Debug|Any CPU.ActiveCfg = Debug|Any CPU
		{08B675FD-88B6-4A30-A02E-6B1A5E9BE7CA}.Debug|Any CPU.Build.0 = Debug|Any CPU
		{08B675FD-88B6-4A30-A02E-6B1A5E9BE7CA}.Release|Any CPU.ActiveCfg = Release|Any CPU
		{08B675FD-88B6-4A30-A02E-6B1A5E9BE7CA}.Release|Any CPU.Build.0 = Release|Any CPU
	EndGlobalSection
	GlobalSection(SolutionProperties) = preSolution
		HideSolutionNode = FALSE
	EndGlobalSection
	GlobalSection(ExtensibilityGlobals) = postSolution
		SolutionGuid = {091D44FF-0C53-42AB-B60E-9580832EE468}
	EndGlobalSection
EndGlobal
